
Microsoft Visual Studio Solution File, Format Version 12.00
# Visual Studio Version 17
VisualStudioVersion = 17.1.32407.343
MinimumVisualStudioVersion = 10.0.40219.1
Project("{9A19103F-16F7-4668-BE54-9A1E7A4F7556}") = "DotnetAssignment", "DotnetAssignment\DotnetAssignment.csproj", "{91E7A6BD-8F7C-40B2-99D2-D7F684288356}"
EndProject
Project("{FAE04EC0-301F-11D3-BF4B-00C04F79EFBC}") = "ApiClientConsole", "ApiClientConsole\ApiClientConsole.csproj", "{BAF732EB-8740-47DC-8132-93D9C75E3275}"
EndProject
Global
	GlobalSection(SolutionConfigurationPlatforms) = preSolution
		Debug|Any CPU = Debug|Any CPU
		Release|Any CPU = Release|Any CPU
	EndGlobalSection
	GlobalSection(ProjectConfigurationPlatforms) = postSolution
		{91E7A6BD-8F7C-40B2-99D2-D7F684288356}.Debug|Any CPU.ActiveCfg = Debug|Any CPU
		{91E7A6BD-8F7C-40B2-99D2-D7F684288356}.Debug|Any CPU.Build.0 = Debug|Any CPU
		{91E7A6BD-8F7C-40B2-99D2-D7F684288356}.Release|Any CPU.ActiveCfg = Release|Any CPU
		{91E7A6BD-8F7C-40B2-99D2-D7F684288356}.Release|Any CPU.Build.0 = Release|Any CPU
		{BAF732EB-8740-47DC-8132-93D9C75E3275}.Debug|Any CPU.ActiveCfg = Debug|Any CPU
		{BAF732EB-8740-47DC-8132-93D9C75E3275}.Debug|Any CPU.Build.0 = Debug|Any CPU
		{BAF732EB-8740-47DC-8132-93D9C75E3275}.Release|Any CPU.ActiveCfg = Release|Any CPU
		{BAF732EB-8740-47DC-8132-93D9C75E3275}.Release|Any CPU.Build.0 = Release|Any CPU
	EndGlobalSection
	GlobalSection(SolutionProperties) = preSolution
		HideSolutionNode = FALSE
	EndGlobalSection
	GlobalSection(ExtensibilityGlobals) = postSolution
		SolutionGuid = {505560F9-6E25-4391-8546-D65E72C76C5E}
	EndGlobalSection
EndGlobal
